
Microsoft Visual Studio Solution File, Format Version 12.00
# Visual Studio Version 17
VisualStudioVersion = 17.5.002.0
MinimumVisualStudioVersion = 10.0.40219.1
Project("{9A19103F-16F7-4668-BE54-9A1E7A4F7556}") = "Lab07_Ex01", "Lab07_Ex01\Lab07_Ex01.csproj", "{AFFF3B06-03F2-40CA-9127-A8417F0E06D0}"
EndProject
Global
	GlobalSection(SolutionConfigurationPlatforms) = preSolution
		Debug|Any CPU = Debug|Any CPU
		Release|Any CPU = Release|Any CPU
	EndGlobalSection
	GlobalSection(ProjectConfigurationPlatforms) = postSolution
		{AFFF3B06-03F2-40CA-9127-A8417F0E06D0}.Debug|Any CPU.ActiveCfg = Debug|Any CPU
		{AFFF3B06-03F2-40CA-9127-A8417F0E06D0}.Debug|Any CPU.Build.0 = Debug|Any CPU
		{AFFF3B06-03F2-40CA-9127-A8417F0E06D0}.Release|Any CPU.ActiveCfg = Release|Any CPU
		{AFFF3B06-03F2-40CA-9127-A8417F0E06D0}.Release|Any CPU.Build.0 = Release|Any CPU
	EndGlobalSection
	GlobalSection(SolutionProperties) = preSolution
		HideSolutionNode = FALSE
	EndGlobalSection
	GlobalSection(ExtensibilityGlobals) = postSolution
		SolutionGuid = {41A06FEB-6C1C-4874-B280-558702D9B477}
	EndGlobalSection
EndGlobal
